
Microsoft Visual Studio Solution File, Format Version 12.00
# Visual Studio Version 17
VisualStudioVersion = 17.10.34916.146
MinimumVisualStudioVersion = 10.0.40219.1
Project("{FAE04EC0-301F-11D3-BF4B-00C04F79EFBC}") = "ProyectoFinal", "ProyectoFinal\ProyectoFinal.csproj", "{AB4B2C82-46DF-48C1-8220-51931F42E24D}"
EndProject
Global
	GlobalSection(SolutionConfigurationPlatforms) = preSolution
		Debug|Any CPU = Debug|Any CPU
		Release|Any CPU = Release|Any CPU
	EndGlobalSection
	GlobalSection(ProjectConfigurationPlatforms) = postSolution
		{AB4B2C82-46DF-48C1-8220-51931F42E24D}.Debug|Any CPU.ActiveCfg = Debug|Any CPU
		{AB4B2C82-46DF-48C1-8220-51931F42E24D}.Debug|Any CPU.Build.0 = Debug|Any CPU
		{AB4B2C82-46DF-48C1-8220-51931F42E24D}.Debug|Any CPU.Deploy.0 = Debug|Any CPU
		{AB4B2C82-46DF-48C1-8220-51931F42E24D}.Release|Any CPU.ActiveCfg = Release|Any CPU
		{AB4B2C82-46DF-48C1-8220-51931F42E24D}.Release|Any CPU.Build.0 = Release|Any CPU
		{AB4B2C82-46DF-48C1-8220-51931F42E24D}.Release|Any CPU.Deploy.0 = Release|Any CPU
	EndGlobalSection
	GlobalSection(SolutionProperties) = preSolution
		HideSolutionNode = FALSE
	EndGlobalSection
	GlobalSection(ExtensibilityGlobals) = postSolution
		SolutionGuid = {1E121C4B-1B74-48F5-A29D-0229E3ED1022}
	EndGlobalSection
EndGlobal
